
Microsoft Visual Studio Solution File, Format Version 12.00
# Visual Studio Version 16
VisualStudioVersion = 16.0.31729.503
MinimumVisualStudioVersion = 10.0.40219.1
Project("{FAE04EC0-301F-11D3-BF4B-00C04F79EFBC}") = "VenConSort2", "VenConSort2.csproj", "{B661FCFA-E6A4-4438-9232-692D10B6A5DD}"
EndProject
Global
	GlobalSection(SolutionConfigurationPlatforms) = preSolution
		Debug|Any CPU = Debug|Any CPU
		Release|Any CPU = Release|Any CPU
	EndGlobalSection
	GlobalSection(ProjectConfigurationPlatforms) = postSolution
		{B661FCFA-E6A4-4438-9232-692D10B6A5DD}.Debug|Any CPU.ActiveCfg = Debug|Any CPU
		{B661FCFA-E6A4-4438-9232-692D10B6A5DD}.Debug|Any CPU.Build.0 = Debug|Any CPU
		{B661FCFA-E6A4-4438-9232-692D10B6A5DD}.Release|Any CPU.ActiveCfg = Release|Any CPU
		{B661FCFA-E6A4-4438-9232-692D10B6A5DD}.Release|Any CPU.Build.0 = Release|Any CPU
	EndGlobalSection
	GlobalSection(SolutionProperties) = preSolution
		HideSolutionNode = FALSE
	EndGlobalSection
	GlobalSection(ExtensibilityGlobals) = postSolution
		SolutionGuid = {BAF6A21A-8A1B-4B26-9169-12461A31AB0E}
	EndGlobalSection
EndGlobal
