
Microsoft Visual Studio Solution File, Format Version 12.00
# Visual Studio Version 16
VisualStudioVersion = 16.0.31729.503
MinimumVisualStudioVersion = 10.0.40219.1
Project("{FAE04EC0-301F-11D3-BF4B-00C04F79EFBC}") = "VenConSort", "VenConSort.csproj", "{275C6D47-81B1-42B5-A25B-63BAFA04C591}"
EndProject
Global
	GlobalSection(SolutionConfigurationPlatforms) = preSolution
		Debug|Any CPU = Debug|Any CPU
		Release|Any CPU = Release|Any CPU
	EndGlobalSection
	GlobalSection(ProjectConfigurationPlatforms) = postSolution
		{275C6D47-81B1-42B5-A25B-63BAFA04C591}.Debug|Any CPU.ActiveCfg = Debug|Any CPU
		{275C6D47-81B1-42B5-A25B-63BAFA04C591}.Debug|Any CPU.Build.0 = Debug|Any CPU
		{275C6D47-81B1-42B5-A25B-63BAFA04C591}.Release|Any CPU.ActiveCfg = Release|Any CPU
		{275C6D47-81B1-42B5-A25B-63BAFA04C591}.Release|Any CPU.Build.0 = Release|Any CPU
	EndGlobalSection
	GlobalSection(SolutionProperties) = preSolution
		HideSolutionNode = FALSE
	EndGlobalSection
	GlobalSection(ExtensibilityGlobals) = postSolution
		SolutionGuid = {AA3BF4F8-3468-477D-A80B-BF6DCC8D400B}
	EndGlobalSection
EndGlobal
